// !$*UTF8*$!
{
	archiveVersion = 1;
	classes = {
	};
	objectVersion = 55;
	objects = {

/* Begin PBXBuildFile section */
		0006A6A677C979849737681E /* Pods_LemonadeBoilerplate.framework in Frameworks */ = {isa = PBXBuildFile; fileRef = 6024B84ED4C1662B8FFA1430 /* Pods_LemonadeBoilerplate.framework */; };
		041BB38A275244B40026E740 /* Product.swift in Sources */ = {isa = PBXBuildFile; fileRef = 041BB389275244B40026E740 /* Product.swift */; };
		041BB38C275244CF0026E740 /* IAPError.swift in Sources */ = {isa = PBXBuildFile; fileRef = 041BB38B275244CF0026E740 /* IAPError.swift */; };
		041BB38E275245160026E740 /* IAPRequest.swift in Sources */ = {isa = PBXBuildFile; fileRef = 041BB38D275245160026E740 /* IAPRequest.swift */; };
		041BB39127524E3C0026E740 /* Trackable.swift in Sources */ = {isa = PBXBuildFile; fileRef = 041BB39027524E3C0026E740 /* Trackable.swift */; };
		041BB39327524F540026E740 /* ExampleTracker.swift in Sources */ = {isa = PBXBuildFile; fileRef = 041BB39227524F540026E740 /* ExampleTracker.swift */; };
		041DEBF0276618C500A3FA40 /* CustomPlayerController.swift in Sources */ = {isa = PBXBuildFile; fileRef = 041DEBEF276618C500A3FA40 /* CustomPlayerController.swift */; };
		041DEBF42766236600A3FA40 /* Playable.swift in Sources */ = {isa = PBXBuildFile; fileRef = 041DEBF32766236600A3FA40 /* Playable.swift */; };
		041DEBF6276623D300A3FA40 /* CustomPlayerControllerConfig.swift in Sources */ = {isa = PBXBuildFile; fileRef = 041DEBF5276623D300A3FA40 /* CustomPlayerControllerConfig.swift */; };
		041DEBF92766A4A200A3FA40 /* PlayerControllerUI.swift in Sources */ = {isa = PBXBuildFile; fileRef = 041DEBF82766A4A200A3FA40 /* PlayerControllerUI.swift */; };
		041DEBFE27694BD300A3FA40 /* redd.mp3 in Resources */ = {isa = PBXBuildFile; fileRef = 041DEBFD27694BD300A3FA40 /* redd.mp3 */; };
		0432ECDC274A4C1600784A40 /* AppDelegate.swift in Sources */ = {isa = PBXBuildFile; fileRef = 0432ECDB274A4C1600784A40 /* AppDelegate.swift */; };
		0432ECDE274A4C1600784A40 /* SceneDelegate.swift in Sources */ = {isa = PBXBuildFile; fileRef = 0432ECDD274A4C1600784A40 /* SceneDelegate.swift */; };
		0432ECE5274A4C1900784A40 /* Assets.xcassets in Resources */ = {isa = PBXBuildFile; fileRef = 0432ECE4274A4C1900784A40 /* Assets.xcassets */; };
		0432ECF3274A4C1900784A40 /* LemonadeBoilerplateTests.swift in Sources */ = {isa = PBXBuildFile; fileRef = 0432ECF2274A4C1900784A40 /* LemonadeBoilerplateTests.swift */; };
		0432ECFD274A4C1900784A40 /* LemonadeBoilerplateUITests.swift in Sources */ = {isa = PBXBuildFile; fileRef = 0432ECFC274A4C1900784A40 /* LemonadeBoilerplateUITests.swift */; };
		0432ECFF274A4C1900784A40 /* LemonadeBoilerplateUITestsLaunchTests.swift in Sources */ = {isa = PBXBuildFile; fileRef = 0432ECFE274A4C1900784A40 /* LemonadeBoilerplateUITestsLaunchTests.swift */; };
		0432ED1B274A527400784A40 /* UserDefaults.swift in Sources */ = {isa = PBXBuildFile; fileRef = 0432ED1A274A527400784A40 /* UserDefaults.swift */; };
		0432ED21274A52BE00784A40 /* KeychainStore.swift in Sources */ = {isa = PBXBuildFile; fileRef = 0432ED20274A52BE00784A40 /* KeychainStore.swift */; };
		0432ED23274A52C700784A40 /* KeychainTag.swift in Sources */ = {isa = PBXBuildFile; fileRef = 0432ED22274A52C700784A40 /* KeychainTag.swift */; };
		0432ED25274A52CF00784A40 /* KeychainError.swift in Sources */ = {isa = PBXBuildFile; fileRef = 0432ED24274A52CF00784A40 /* KeychainError.swift */; };
		0432ED28274A53BB00784A40 /* NetworkConnection.swift in Sources */ = {isa = PBXBuildFile; fileRef = 0432ED27274A53BB00784A40 /* NetworkConnection.swift */; };
		0432ED2B274A53F700784A40 /* Request+Builder.swift in Sources */ = {isa = PBXBuildFile; fileRef = 0432ED2A274A53F700784A40 /* Request+Builder.swift */; };
		0432ED2D274A540900784A40 /* Request.swift in Sources */ = {isa = PBXBuildFile; fileRef = 0432ED2C274A540900784A40 /* Request.swift */; };
		0432ED2F274A542900784A40 /* Request+Credentials.swift in Sources */ = {isa = PBXBuildFile; fileRef = 0432ED2E274A542900784A40 /* Request+Credentials.swift */; };
		0432ED31274A546800784A40 /* Request+Error.swift in Sources */ = {isa = PBXBuildFile; fileRef = 0432ED30274A546800784A40 /* Request+Error.swift */; };
		0432ED34274A54B800784A40 /* Interceptor+Base.swift in Sources */ = {isa = PBXBuildFile; fileRef = 0432ED33274A54B800784A40 /* Interceptor+Base.swift */; };
		0432ED36274A54E200784A40 /* Interceptor+Credential+Builder.swift in Sources */ = {isa = PBXBuildFile; fileRef = 0432ED35274A54E200784A40 /* Interceptor+Credential+Builder.swift */; };
		0432ED39274A554700784A40 /* Interceptor+Error.swift in Sources */ = {isa = PBXBuildFile; fileRef = 0432ED38274A554700784A40 /* Interceptor+Error.swift */; };
		0432ED3B274A556300784A40 /* Interceptor.swift in Sources */ = {isa = PBXBuildFile; fileRef = 0432ED3A274A556300784A40 /* Interceptor.swift */; };
		0432ED3D274A55E900784A40 /* Interceptor+Response+Model.swift in Sources */ = {isa = PBXBuildFile; fileRef = 0432ED3C274A55E900784A40 /* Interceptor+Response+Model.swift */; };
		0432ED40274A566800784A40 /* Reqıest+Provider.swift in Sources */ = {isa = PBXBuildFile; fileRef = 0432ED3F274A566800784A40 /* Reqıest+Provider.swift */; };
		0432ED43274A56BA00784A40 /* ExampleService.swift in Sources */ = {isa = PBXBuildFile; fileRef = 0432ED42274A56BA00784A40 /* ExampleService.swift */; };
		0432ED47274B9FBA00784A40 /* Coordinator.swift in Sources */ = {isa = PBXBuildFile; fileRef = 0432ED46274B9FBA00784A40 /* Coordinator.swift */; };
		0432ED49274BA00800784A40 /* AppCoordinator.swift in Sources */ = {isa = PBXBuildFile; fileRef = 0432ED48274BA00800784A40 /* AppCoordinator.swift */; };
		0432ED4B274BA14600784A40 /* ViewModel.swift in Sources */ = {isa = PBXBuildFile; fileRef = 0432ED4A274BA14600784A40 /* ViewModel.swift */; };
		0432ED4D274BA17B00784A40 /* ViewModelErrorAction.swift in Sources */ = {isa = PBXBuildFile; fileRef = 0432ED4C274BA17B00784A40 /* ViewModelErrorAction.swift */; };
		0432ED50274BBEF400784A40 /* ViewController.swift in Sources */ = {isa = PBXBuildFile; fileRef = 0432ED4F274BBEF400784A40 /* ViewController.swift */; };
		0432ED52274BBFEE00784A40 /* ExampleViewController.swift in Sources */ = {isa = PBXBuildFile; fileRef = 0432ED51274BBFEE00784A40 /* ExampleViewController.swift */; };
		0432ED54274BC37F00784A40 /* ExampleCoordinator.swift in Sources */ = {isa = PBXBuildFile; fileRef = 0432ED53274BC37F00784A40 /* ExampleCoordinator.swift */; };
		0432ED56274BC39C00784A40 /* ExampleViewModel.swift in Sources */ = {isa = PBXBuildFile; fileRef = 0432ED55274BC39C00784A40 /* ExampleViewModel.swift */; };
		0432ED58274BC40E00784A40 /* Example+Repository.swift in Sources */ = {isa = PBXBuildFile; fileRef = 0432ED57274BC40E00784A40 /* Example+Repository.swift */; };
		0432ED5A274BCF5400784A40 /* Response+Model.swift in Sources */ = {isa = PBXBuildFile; fileRef = 0432ED59274BCF5400784A40 /* Response+Model.swift */; };
		0432ED5C274BD03400784A40 /* Example+Model.swift in Sources */ = {isa = PBXBuildFile; fileRef = 0432ED5B274BD03400784A40 /* Example+Model.swift */; };
		0433E8E4274BD3A500DAD1BB /* UserDefaultTag.swift in Sources */ = {isa = PBXBuildFile; fileRef = 0433E8E3274BD3A500DAD1BB /* UserDefaultTag.swift */; };
		0433E8E6274BD41100DAD1BB /* NetworkErrorViewController.swift in Sources */ = {isa = PBXBuildFile; fileRef = 0433E8E5274BD41100DAD1BB /* NetworkErrorViewController.swift */; };
		0433E8E9274BD45800DAD1BB /* Font+Extensions.swift in Sources */ = {isa = PBXBuildFile; fileRef = 0433E8E8274BD45800DAD1BB /* Font+Extensions.swift */; };
		0433E8EF274BD6AE00DAD1BB /* AuthenticationValidation.swift in Sources */ = {isa = PBXBuildFile; fileRef = 0433E8EE274BD6AE00DAD1BB /* AuthenticationValidation.swift */; };
		0433E8F1274C187300DAD1BB /* Color+Extensions.swift in Sources */ = {isa = PBXBuildFile; fileRef = 0433E8F0274C187300DAD1BB /* Color+Extensions.swift */; };
		0433E8F4274C18EE00DAD1BB /* String+Extensions.swift in Sources */ = {isa = PBXBuildFile; fileRef = 0433E8F3274C18EE00DAD1BB /* String+Extensions.swift */; };
		0433E8F6274C1B1200DAD1BB /* Date+Extensions.swift in Sources */ = {isa = PBXBuildFile; fileRef = 0433E8F5274C1B1200DAD1BB /* Date+Extensions.swift */; };
		0433E8F8274C1D1A00DAD1BB /* Device+Extensions.swift in Sources */ = {isa = PBXBuildFile; fileRef = 0433E8F7274C1D1A00DAD1BB /* Device+Extensions.swift */; };
		0433E8FA274C1F7200DAD1BB /* StaticFile.swift in Sources */ = {isa = PBXBuildFile; fileRef = 0433E8F9274C1F7200DAD1BB /* StaticFile.swift */; };
		0433E8FD274C211A00DAD1BB /* Player.swift in Sources */ = {isa = PBXBuildFile; fileRef = 0433E8FC274C211A00DAD1BB /* Player.swift */; };
		0433E8FF274C3C9000DAD1BB /* Remote+Player.swift in Sources */ = {isa = PBXBuildFile; fileRef = 0433E8FE274C3C9000DAD1BB /* Remote+Player.swift */; };
		0433E902274CF2E000DAD1BB /* AsyncOperation.swift in Sources */ = {isa = PBXBuildFile; fileRef = 0433E901274CF2E000DAD1BB /* AsyncOperation.swift */; };
		0433E904274CF31700DAD1BB /* DownloadOperation.swift in Sources */ = {isa = PBXBuildFile; fileRef = 0433E903274CF31700DAD1BB /* DownloadOperation.swift */; };
		0433E906274CF3D600DAD1BB /* Downloader.swift in Sources */ = {isa = PBXBuildFile; fileRef = 0433E905274CF3D600DAD1BB /* Downloader.swift */; };
		0433E909274D1C1300DAD1BB /* FileManager.swift in Sources */ = {isa = PBXBuildFile; fileRef = 0433E908274D1C1300DAD1BB /* FileManager.swift */; };
		0433E90C274E232600DAD1BB /* Deeplink.swift in Sources */ = {isa = PBXBuildFile; fileRef = 0433E90B274E232600DAD1BB /* Deeplink.swift */; };
		0433E90E274E24A900DAD1BB /* DeepLinkHandler.swift in Sources */ = {isa = PBXBuildFile; fileRef = 0433E90D274E24A900DAD1BB /* DeepLinkHandler.swift */; };
		0433E910274E289700DAD1BB /* ShortCutParser.swift in Sources */ = {isa = PBXBuildFile; fileRef = 0433E90F274E289700DAD1BB /* ShortCutParser.swift */; };
		0433E912274E2EFF00DAD1BB /* Notification+Center+Extensions.swift in Sources */ = {isa = PBXBuildFile; fileRef = 0433E911274E2EFF00DAD1BB /* Notification+Center+Extensions.swift */; };
		0447773F274FA86B000BED78 /* IAPHelper.swift in Sources */ = {isa = PBXBuildFile; fileRef = 0447773E274FA86B000BED78 /* IAPHelper.swift */; };
		51A3AF2ACA24ABBAEF333936 /* Pods_LemonadeBoilerplateTests.framework in Frameworks */ = {isa = PBXBuildFile; fileRef = 0270AF5CB43A3B631D5D9F3B /* Pods_LemonadeBoilerplateTests.framework */; };
		DD059F7E19690302BBDA7F77 /* Pods_LemonadeBoilerplate_LemonadeBoilerplateUITests.framework in Frameworks */ = {isa = PBXBuildFile; fileRef = 326A3B8F6BA713349FE9D0DD /* Pods_LemonadeBoilerplate_LemonadeBoilerplateUITests.framework */; };
		EE9148F2276B4DD1007E0569 /* CustomPlayerViewModel.swift in Sources */ = {isa = PBXBuildFile; fileRef = EE9148F1276B4DD1007E0569 /* CustomPlayerViewModel.swift */; };
		EE9148F5276B4DF6007E0569 /* CustomPlayerCoordinator.swift in Sources */ = {isa = PBXBuildFile; fileRef = EE9148F4276B4DF6007E0569 /* CustomPlayerCoordinator.swift */; };
		EE9148F7276B7674007E0569 /* batu.mp3 in Resources */ = {isa = PBXBuildFile; fileRef = EE9148F6276B7674007E0569 /* batu.mp3 */; };
/* End PBXBuildFile section */

/* Begin PBXContainerItemProxy section */
		0432ECEF274A4C1900784A40 /* PBXContainerItemProxy */ = {
			isa = PBXContainerItemProxy;
			containerPortal = 0432ECD0274A4C1600784A40 /* Project object */;
			proxyType = 1;
			remoteGlobalIDString = 0432ECD7274A4C1600784A40;
			remoteInfo = LemonadeBoilerplate;
		};
		0432ECF9274A4C1900784A40 /* PBXContainerItemProxy */ = {
			isa = PBXContainerItemProxy;
			containerPortal = 0432ECD0274A4C1600784A40 /* Project object */;
			proxyType = 1;
			remoteGlobalIDString = 0432ECD7274A4C1600784A40;
			remoteInfo = LemonadeBoilerplate;
		};
/* End PBXContainerItemProxy section */

/* Begin PBXFileReference section */
		0270AF5CB43A3B631D5D9F3B /* Pods_LemonadeBoilerplateTests.framework */ = {isa = PBXFileReference; explicitFileType = wrapper.framework; includeInIndex = 0; path = Pods_LemonadeBoilerplateTests.framework; sourceTree = BUILT_PRODUCTS_DIR; };
		041BB389275244B40026E740 /* Product.swift */ = {isa = PBXFileReference; lastKnownFileType = sourcecode.swift; path = Product.swift; sourceTree = "<group>"; };
		041BB38B275244CF0026E740 /* IAPError.swift */ = {isa = PBXFileReference; lastKnownFileType = sourcecode.swift; path = IAPError.swift; sourceTree = "<group>"; };
		041BB38D275245160026E740 /* IAPRequest.swift */ = {isa = PBXFileReference; lastKnownFileType = sourcecode.swift; path = IAPRequest.swift; sourceTree = "<group>"; };
		041BB39027524E3C0026E740 /* Trackable.swift */ = {isa = PBXFileReference; lastKnownFileType = sourcecode.swift; path = Trackable.swift; sourceTree = "<group>"; };
		041BB39227524F540026E740 /* ExampleTracker.swift */ = {isa = PBXFileReference; lastKnownFileType = sourcecode.swift; path = ExampleTracker.swift; sourceTree = "<group>"; };
		041DEBEF276618C500A3FA40 /* CustomPlayerController.swift */ = {isa = PBXFileReference; lastKnownFileType = sourcecode.swift; path = CustomPlayerController.swift; sourceTree = "<group>"; };
		041DEBF32766236600A3FA40 /* Playable.swift */ = {isa = PBXFileReference; lastKnownFileType = sourcecode.swift; path = Playable.swift; sourceTree = "<group>"; };
		041DEBF5276623D300A3FA40 /* CustomPlayerControllerConfig.swift */ = {isa = PBXFileReference; lastKnownFileType = sourcecode.swift; path = CustomPlayerControllerConfig.swift; sourceTree = "<group>"; };
		041DEBF82766A4A200A3FA40 /* PlayerControllerUI.swift */ = {isa = PBXFileReference; lastKnownFileType = sourcecode.swift; path = PlayerControllerUI.swift; sourceTree = "<group>"; };
		041DEBFD27694BD300A3FA40 /* redd.mp3 */ = {isa = PBXFileReference; lastKnownFileType = audio.mp3; path = redd.mp3; sourceTree = "<group>"; };
		0432ECD8274A4C1600784A40 /* LemonadeBoilerplate.app */ = {isa = PBXFileReference; explicitFileType = wrapper.application; includeInIndex = 0; path = LemonadeBoilerplate.app; sourceTree = BUILT_PRODUCTS_DIR; };
		0432ECDB274A4C1600784A40 /* AppDelegate.swift */ = {isa = PBXFileReference; lastKnownFileType = sourcecode.swift; path = AppDelegate.swift; sourceTree = "<group>"; };
		0432ECDD274A4C1600784A40 /* SceneDelegate.swift */ = {isa = PBXFileReference; lastKnownFileType = sourcecode.swift; path = SceneDelegate.swift; sourceTree = "<group>"; };
		0432ECE4274A4C1900784A40 /* Assets.xcassets */ = {isa = PBXFileReference; lastKnownFileType = folder.assetcatalog; path = Assets.xcassets; sourceTree = "<group>"; };
		0432ECE7274A4C1900784A40 /* Base */ = {isa = PBXFileReference; lastKnownFileType = file.storyboard; name = Base; path = Base.lproj/LaunchScreen.storyboard; sourceTree = "<group>"; };
		0432ECE9274A4C1900784A40 /* Info.plist */ = {isa = PBXFileReference; lastKnownFileType = text.plist.xml; path = Info.plist; sourceTree = "<group>"; };
		0432ECEE274A4C1900784A40 /* LemonadeBoilerplateTests.xctest */ = {isa = PBXFileReference; explicitFileType = wrapper.cfbundle; includeInIndex = 0; path = LemonadeBoilerplateTests.xctest; sourceTree = BUILT_PRODUCTS_DIR; };
		0432ECF2274A4C1900784A40 /* LemonadeBoilerplateTests.swift */ = {isa = PBXFileReference; lastKnownFileType = sourcecode.swift; path = LemonadeBoilerplateTests.swift; sourceTree = "<group>"; };
		0432ECF8274A4C1900784A40 /* LemonadeBoilerplateUITests.xctest */ = {isa = PBXFileReference; explicitFileType = wrapper.cfbundle; includeInIndex = 0; path = LemonadeBoilerplateUITests.xctest; sourceTree = BUILT_PRODUCTS_DIR; };
		0432ECFC274A4C1900784A40 /* LemonadeBoilerplateUITests.swift */ = {isa = PBXFileReference; lastKnownFileType = sourcecode.swift; path = LemonadeBoilerplateUITests.swift; sourceTree = "<group>"; };
		0432ECFE274A4C1900784A40 /* LemonadeBoilerplateUITestsLaunchTests.swift */ = {isa = PBXFileReference; lastKnownFileType = sourcecode.swift; path = LemonadeBoilerplateUITestsLaunchTests.swift; sourceTree = "<group>"; };
		0432ED1A274A527400784A40 /* UserDefaults.swift */ = {isa = PBXFileReference; lastKnownFileType = sourcecode.swift; path = UserDefaults.swift; sourceTree = "<group>"; };
		0432ED20274A52BE00784A40 /* KeychainStore.swift */ = {isa = PBXFileReference; lastKnownFileType = sourcecode.swift; path = KeychainStore.swift; sourceTree = "<group>"; };
		0432ED22274A52C700784A40 /* KeychainTag.swift */ = {isa = PBXFileReference; lastKnownFileType = sourcecode.swift; path = KeychainTag.swift; sourceTree = "<group>"; };
		0432ED24274A52CF00784A40 /* KeychainError.swift */ = {isa = PBXFileReference; lastKnownFileType = sourcecode.swift; path = KeychainError.swift; sourceTree = "<group>"; };
		0432ED27274A53BB00784A40 /* NetworkConnection.swift */ = {isa = PBXFileReference; lastKnownFileType = sourcecode.swift; path = NetworkConnection.swift; sourceTree = "<group>"; };
		0432ED2A274A53F700784A40 /* Request+Builder.swift */ = {isa = PBXFileReference; lastKnownFileType = sourcecode.swift; path = "Request+Builder.swift"; sourceTree = "<group>"; };
		0432ED2C274A540900784A40 /* Request.swift */ = {isa = PBXFileReference; lastKnownFileType = sourcecode.swift; path = Request.swift; sourceTree = "<group>"; };
		0432ED2E274A542900784A40 /* Request+Credentials.swift */ = {isa = PBXFileReference; lastKnownFileType = sourcecode.swift; path = "Request+Credentials.swift"; sourceTree = "<group>"; };
		0432ED30274A546800784A40 /* Request+Error.swift */ = {isa = PBXFileReference; lastKnownFileType = sourcecode.swift; path = "Request+Error.swift"; sourceTree = "<group>"; };
		0432ED33274A54B800784A40 /* Interceptor+Base.swift */ = {isa = PBXFileReference; lastKnownFileType = sourcecode.swift; path = "Interceptor+Base.swift"; sourceTree = "<group>"; };
		0432ED35274A54E200784A40 /* Interceptor+Credential+Builder.swift */ = {isa = PBXFileReference; lastKnownFileType = sourcecode.swift; path = "Interceptor+Credential+Builder.swift"; sourceTree = "<group>"; };
		0432ED38274A554700784A40 /* Interceptor+Error.swift */ = {isa = PBXFileReference; lastKnownFileType = sourcecode.swift; path = "Interceptor+Error.swift"; sourceTree = "<group>"; };
		0432ED3A274A556300784A40 /* Interceptor.swift */ = {isa = PBXFileReference; lastKnownFileType = sourcecode.swift; path = Interceptor.swift; sourceTree = "<group>"; };
		0432ED3C274A55E900784A40 /* Interceptor+Response+Model.swift */ = {isa = PBXFileReference; lastKnownFileType = sourcecode.swift; path = "Interceptor+Response+Model.swift"; sourceTree = "<group>"; };
		0432ED3F274A566800784A40 /* Reqıest+Provider.swift */ = {isa = PBXFileReference; lastKnownFileType = sourcecode.swift; path = "Reqıest+Provider.swift"; sourceTree = "<group>"; };
		0432ED42274A56BA00784A40 /* ExampleService.swift */ = {isa = PBXFileReference; lastKnownFileType = sourcecode.swift; path = ExampleService.swift; sourceTree = "<group>"; };
		0432ED46274B9FBA00784A40 /* Coordinator.swift */ = {isa = PBXFileReference; lastKnownFileType = sourcecode.swift; path = Coordinator.swift; sourceTree = "<group>"; };
		0432ED48274BA00800784A40 /* AppCoordinator.swift */ = {isa = PBXFileReference; lastKnownFileType = sourcecode.swift; path = AppCoordinator.swift; sourceTree = "<group>"; };
		0432ED4A274BA14600784A40 /* ViewModel.swift */ = {isa = PBXFileReference; lastKnownFileType = sourcecode.swift; path = ViewModel.swift; sourceTree = "<group>"; };
		0432ED4C274BA17B00784A40 /* ViewModelErrorAction.swift */ = {isa = PBXFileReference; lastKnownFileType = sourcecode.swift; path = ViewModelErrorAction.swift; sourceTree = "<group>"; };
		0432ED4F274BBEF400784A40 /* ViewController.swift */ = {isa = PBXFileReference; lastKnownFileType = sourcecode.swift; path = ViewController.swift; sourceTree = "<group>"; };
		0432ED51274BBFEE00784A40 /* ExampleViewController.swift */ = {isa = PBXFileReference; lastKnownFileType = sourcecode.swift; path = ExampleViewController.swift; sourceTree = "<group>"; };
		0432ED53274BC37F00784A40 /* ExampleCoordinator.swift */ = {isa = PBXFileReference; lastKnownFileType = sourcecode.swift; path = ExampleCoordinator.swift; sourceTree = "<group>"; };
		0432ED55274BC39C00784A40 /* ExampleViewModel.swift */ = {isa = PBXFileReference; lastKnownFileType = sourcecode.swift; path = ExampleViewModel.swift; sourceTree = "<group>"; };
		0432ED57274BC40E00784A40 /* Example+Repository.swift */ = {isa = PBXFileReference; lastKnownFileType = sourcecode.swift; path = "Example+Repository.swift"; sourceTree = "<group>"; };
		0432ED59274BCF5400784A40 /* Response+Model.swift */ = {isa = PBXFileReference; lastKnownFileType = sourcecode.swift; path = "Response+Model.swift"; sourceTree = "<group>"; };
		0432ED5B274BD03400784A40 /* Example+Model.swift */ = {isa = PBXFileReference; lastKnownFileType = sourcecode.swift; path = "Example+Model.swift"; sourceTree = "<group>"; };
		0433E8E3274BD3A500DAD1BB /* UserDefaultTag.swift */ = {isa = PBXFileReference; lastKnownFileType = sourcecode.swift; path = UserDefaultTag.swift; sourceTree = "<group>"; };
		0433E8E5274BD41100DAD1BB /* NetworkErrorViewController.swift */ = {isa = PBXFileReference; lastKnownFileType = sourcecode.swift; path = NetworkErrorViewController.swift; sourceTree = "<group>"; };
		0433E8E8274BD45800DAD1BB /* Font+Extensions.swift */ = {isa = PBXFileReference; lastKnownFileType = sourcecode.swift; path = "Font+Extensions.swift"; sourceTree = "<group>"; };
		0433E8EE274BD6AE00DAD1BB /* AuthenticationValidation.swift */ = {isa = PBXFileReference; lastKnownFileType = sourcecode.swift; path = AuthenticationValidation.swift; sourceTree = "<group>"; };
		0433E8F0274C187300DAD1BB /* Color+Extensions.swift */ = {isa = PBXFileReference; lastKnownFileType = sourcecode.swift; path = "Color+Extensions.swift"; sourceTree = "<group>"; };
		0433E8F3274C18EE00DAD1BB /* String+Extensions.swift */ = {isa = PBXFileReference; lastKnownFileType = sourcecode.swift; path = "String+Extensions.swift"; sourceTree = "<group>"; };
		0433E8F5274C1B1200DAD1BB /* Date+Extensions.swift */ = {isa = PBXFileReference; lastKnownFileType = sourcecode.swift; path = "Date+Extensions.swift"; sourceTree = "<group>"; };
		0433E8F7274C1D1A00DAD1BB /* Device+Extensions.swift */ = {isa = PBXFileReference; lastKnownFileType = sourcecode.swift; path = "Device+Extensions.swift"; sourceTree = "<group>"; };
		0433E8F9274C1F7200DAD1BB /* StaticFile.swift */ = {isa = PBXFileReference; lastKnownFileType = sourcecode.swift; path = StaticFile.swift; sourceTree = "<group>"; };
		0433E8FC274C211A00DAD1BB /* Player.swift */ = {isa = PBXFileReference; lastKnownFileType = sourcecode.swift; path = Player.swift; sourceTree = "<group>"; };
		0433E8FE274C3C9000DAD1BB /* Remote+Player.swift */ = {isa = PBXFileReference; lastKnownFileType = sourcecode.swift; path = "Remote+Player.swift"; sourceTree = "<group>"; };
		0433E901274CF2E000DAD1BB /* AsyncOperation.swift */ = {isa = PBXFileReference; lastKnownFileType = sourcecode.swift; path = AsyncOperation.swift; sourceTree = "<group>"; };
		0433E903274CF31700DAD1BB /* DownloadOperation.swift */ = {isa = PBXFileReference; lastKnownFileType = sourcecode.swift; path = DownloadOperation.swift; sourceTree = "<group>"; };
		0433E905274CF3D600DAD1BB /* Downloader.swift */ = {isa = PBXFileReference; lastKnownFileType = sourcecode.swift; path = Downloader.swift; sourceTree = "<group>"; };
		0433E908274D1C1300DAD1BB /* FileManager.swift */ = {isa = PBXFileReference; lastKnownFileType = sourcecode.swift; path = FileManager.swift; sourceTree = "<group>"; };
		0433E90B274E232600DAD1BB /* Deeplink.swift */ = {isa = PBXFileReference; lastKnownFileType = sourcecode.swift; path = Deeplink.swift; sourceTree = "<group>"; };
		0433E90D274E24A900DAD1BB /* DeepLinkHandler.swift */ = {isa = PBXFileReference; lastKnownFileType = sourcecode.swift; path = DeepLinkHandler.swift; sourceTree = "<group>"; };
		0433E90F274E289700DAD1BB /* ShortCutParser.swift */ = {isa = PBXFileReference; lastKnownFileType = sourcecode.swift; path = ShortCutParser.swift; sourceTree = "<group>"; };
		0433E911274E2EFF00DAD1BB /* Notification+Center+Extensions.swift */ = {isa = PBXFileReference; lastKnownFileType = sourcecode.swift; path = "Notification+Center+Extensions.swift"; sourceTree = "<group>"; };
		0447773E274FA86B000BED78 /* IAPHelper.swift */ = {isa = PBXFileReference; lastKnownFileType = sourcecode.swift; path = IAPHelper.swift; sourceTree = "<group>"; };
		3209FB6E701CFDF7B1D5B8ED /* Pods-LemonadeBoilerplate-LemonadeBoilerplateUITests.debug.xcconfig */ = {isa = PBXFileReference; includeInIndex = 1; lastKnownFileType = text.xcconfig; name = "Pods-LemonadeBoilerplate-LemonadeBoilerplateUITests.debug.xcconfig"; path = "Target Support Files/Pods-LemonadeBoilerplate-LemonadeBoilerplateUITests/Pods-LemonadeBoilerplate-LemonadeBoilerplateUITests.debug.xcconfig"; sourceTree = "<group>"; };
		326A3B8F6BA713349FE9D0DD /* Pods_LemonadeBoilerplate_LemonadeBoilerplateUITests.framework */ = {isa = PBXFileReference; explicitFileType = wrapper.framework; includeInIndex = 0; path = Pods_LemonadeBoilerplate_LemonadeBoilerplateUITests.framework; sourceTree = BUILT_PRODUCTS_DIR; };
		38252F8396ED0C3DD81A89BE /* Pods-LemonadeBoilerplateTests.release.xcconfig */ = {isa = PBXFileReference; includeInIndex = 1; lastKnownFileType = text.xcconfig; name = "Pods-LemonadeBoilerplateTests.release.xcconfig"; path = "Target Support Files/Pods-LemonadeBoilerplateTests/Pods-LemonadeBoilerplateTests.release.xcconfig"; sourceTree = "<group>"; };
		415B196E9EDD3E45C208F315 /* Pods-LemonadeBoilerplate-LemonadeBoilerplateUITests.release.xcconfig */ = {isa = PBXFileReference; includeInIndex = 1; lastKnownFileType = text.xcconfig; name = "Pods-LemonadeBoilerplate-LemonadeBoilerplateUITests.release.xcconfig"; path = "Target Support Files/Pods-LemonadeBoilerplate-LemonadeBoilerplateUITests/Pods-LemonadeBoilerplate-LemonadeBoilerplateUITests.release.xcconfig"; sourceTree = "<group>"; };
		5F5183EB791C99FE4AD74B61 /* Pods-LemonadeBoilerplate.debug.xcconfig */ = {isa = PBXFileReference; includeInIndex = 1; lastKnownFileType = text.xcconfig; name = "Pods-LemonadeBoilerplate.debug.xcconfig"; path = "Target Support Files/Pods-LemonadeBoilerplate/Pods-LemonadeBoilerplate.debug.xcconfig"; sourceTree = "<group>"; };
		6024B84ED4C1662B8FFA1430 /* Pods_LemonadeBoilerplate.framework */ = {isa = PBXFileReference; explicitFileType = wrapper.framework; includeInIndex = 0; path = Pods_LemonadeBoilerplate.framework; sourceTree = BUILT_PRODUCTS_DIR; };
		899C102AC7B5496D79A9F7A3 /* Pods-LemonadeBoilerplate.release.xcconfig */ = {isa = PBXFileReference; includeInIndex = 1; lastKnownFileType = text.xcconfig; name = "Pods-LemonadeBoilerplate.release.xcconfig"; path = "Target Support Files/Pods-LemonadeBoilerplate/Pods-LemonadeBoilerplate.release.xcconfig"; sourceTree = "<group>"; };
		EE9148F1276B4DD1007E0569 /* CustomPlayerViewModel.swift */ = {isa = PBXFileReference; lastKnownFileType = sourcecode.swift; path = CustomPlayerViewModel.swift; sourceTree = "<group>"; };
		EE9148F4276B4DF6007E0569 /* CustomPlayerCoordinator.swift */ = {isa = PBXFileReference; lastKnownFileType = sourcecode.swift; path = CustomPlayerCoordinator.swift; sourceTree = "<group>"; };
		EE9148F6276B7674007E0569 /* batu.mp3 */ = {isa = PBXFileReference; lastKnownFileType = audio.mp3; path = batu.mp3; sourceTree = "<group>"; };
		FB8679FBBE76B5AEB61A3AA4 /* Pods-LemonadeBoilerplateTests.debug.xcconfig */ = {isa = PBXFileReference; includeInIndex = 1; lastKnownFileType = text.xcconfig; name = "Pods-LemonadeBoilerplateTests.debug.xcconfig"; path = "Target Support Files/Pods-LemonadeBoilerplateTests/Pods-LemonadeBoilerplateTests.debug.xcconfig"; sourceTree = "<group>"; };
/* End PBXFileReference section */

/* Begin PBXFrameworksBuildPhase section */
		0432ECD5274A4C1600784A40 /* Frameworks */ = {
			isa = PBXFrameworksBuildPhase;
			buildActionMask = 2147483647;
			files = (
				0006A6A677C979849737681E /* Pods_LemonadeBoilerplate.framework in Frameworks */,
			);
			runOnlyForDeploymentPostprocessing = 0;
		};
		0432ECEB274A4C1900784A40 /* Frameworks */ = {
			isa = PBXFrameworksBuildPhase;
			buildActionMask = 2147483647;
			files = (
				51A3AF2ACA24ABBAEF333936 /* Pods_LemonadeBoilerplateTests.framework in Frameworks */,
			);
			runOnlyForDeploymentPostprocessing = 0;
		};
		0432ECF5274A4C1900784A40 /* Frameworks */ = {
			isa = PBXFrameworksBuildPhase;
			buildActionMask = 2147483647;
			files = (
				DD059F7E19690302BBDA7F77 /* Pods_LemonadeBoilerplate_LemonadeBoilerplateUITests.framework in Frameworks */,
			);
			runOnlyForDeploymentPostprocessing = 0;
		};
/* End PBXFrameworksBuildPhase section */

/* Begin PBXGroup section */
		024936A318917633EB5E6F48 /* Pods */ = {
			isa = PBXGroup;
			children = (
				5F5183EB791C99FE4AD74B61 /* Pods-LemonadeBoilerplate.debug.xcconfig */,
				899C102AC7B5496D79A9F7A3 /* Pods-LemonadeBoilerplate.release.xcconfig */,
				3209FB6E701CFDF7B1D5B8ED /* Pods-LemonadeBoilerplate-LemonadeBoilerplateUITests.debug.xcconfig */,
				415B196E9EDD3E45C208F315 /* Pods-LemonadeBoilerplate-LemonadeBoilerplateUITests.release.xcconfig */,
				FB8679FBBE76B5AEB61A3AA4 /* Pods-LemonadeBoilerplateTests.debug.xcconfig */,
				38252F8396ED0C3DD81A89BE /* Pods-LemonadeBoilerplateTests.release.xcconfig */,
			);
			path = Pods;
			sourceTree = "<group>";
		};
		041BB38F27524E190026E740 /* Trackers */ = {
			isa = PBXGroup;
			children = (
				041BB39027524E3C0026E740 /* Trackable.swift */,
				041BB39227524F540026E740 /* ExampleTracker.swift */,
			);
			path = Trackers;
			sourceTree = "<group>";
		};
		041DEBF12766235300A3FA40 /* CustomPlayerController */ = {
			isa = PBXGroup;
			children = (
				EE9148F3276B4DED007E0569 /* Coordinator */,
				EE9148F0276B4DB7007E0569 /* ViewModel */,
				041DEBFC27694BBE00A3FA40 /* TempSource */,
				041DEBF72766A47700A3FA40 /* Views */,
				041DEBF22766235B00A3FA40 /* Models */,
			);
			path = CustomPlayerController;
			sourceTree = "<group>";
		};
		041DEBF22766235B00A3FA40 /* Models */ = {
			isa = PBXGroup;
			children = (
				041DEBF32766236600A3FA40 /* Playable.swift */,
				041DEBF5276623D300A3FA40 /* CustomPlayerControllerConfig.swift */,
			);
			path = Models;
			sourceTree = "<group>";
		};
		041DEBF72766A47700A3FA40 /* Views */ = {
			isa = PBXGroup;
			children = (
				041DEBF82766A4A200A3FA40 /* PlayerControllerUI.swift */,
			);
			path = Views;
			sourceTree = "<group>";
		};
		041DEBFC27694BBE00A3FA40 /* TempSource */ = {
			isa = PBXGroup;
			children = (
				041DEBFD27694BD300A3FA40 /* redd.mp3 */,
				EE9148F6276B7674007E0569 /* batu.mp3 */,
			);
			path = TempSource;
			sourceTree = "<group>";
		};
		0432ECCF274A4C1600784A40 = {
			isa = PBXGroup;
			children = (
				0432ECDA274A4C1600784A40 /* LemonadeBoilerplate */,
				0432ECF1274A4C1900784A40 /* LemonadeBoilerplateTests */,
				0432ECFB274A4C1900784A40 /* LemonadeBoilerplateUITests */,
				0432ECD9274A4C1600784A40 /* Products */,
				024936A318917633EB5E6F48 /* Pods */,
				5D6DE434BEA7CF5F71006604 /* Frameworks */,
			);
			sourceTree = "<group>";
		};
		0432ECD9274A4C1600784A40 /* Products */ = {
			isa = PBXGroup;
			children = (
				0432ECD8274A4C1600784A40 /* LemonadeBoilerplate.app */,
				0432ECEE274A4C1900784A40 /* LemonadeBoilerplateTests.xctest */,
				0432ECF8274A4C1900784A40 /* LemonadeBoilerplateUITests.xctest */,
			);
			name = Products;
			sourceTree = "<group>";
		};
		0432ECDA274A4C1600784A40 /* LemonadeBoilerplate */ = {
			isa = PBXGroup;
			children = (
				0432ED26274A537900784A40 /* Network */,
				0432ED19274A524D00784A40 /* Util */,
				0432ED13274A4F5900784A40 /* Base */,
				0432ED12274A4F2600784A40 /* ViewControllers */,
				0432ED11274A4EF300784A40 /* Models */,
				0432ED10274A4EE300784A40 /* Repositories */,
				0432ED0F274A4ED500784A40 /* ViewModels */,
				0432ED0E274A4E9A00784A40 /* App */,
				0432ED0D274A4E6100784A40 /* Coordinators */,
				0432ED0C274A4E4C00784A40 /* Helpers */,
				0432ED0B274A4E0000784A40 /* Components */,
				0432ECE4274A4C1900784A40 /* Assets.xcassets */,
				0432ECE6274A4C1900784A40 /* LaunchScreen.storyboard */,
				0432ECE9274A4C1900784A40 /* Info.plist */,
			);
			path = LemonadeBoilerplate;
			sourceTree = "<group>";
		};
		0432ECF1274A4C1900784A40 /* LemonadeBoilerplateTests */ = {
			isa = PBXGroup;
			children = (
				0432ECF2274A4C1900784A40 /* LemonadeBoilerplateTests.swift */,
			);
			path = LemonadeBoilerplateTests;
			sourceTree = "<group>";
		};
		0432ECFB274A4C1900784A40 /* LemonadeBoilerplateUITests */ = {
			isa = PBXGroup;
			children = (
				0432ECFC274A4C1900784A40 /* LemonadeBoilerplateUITests.swift */,
				0432ECFE274A4C1900784A40 /* LemonadeBoilerplateUITestsLaunchTests.swift */,
			);
			path = LemonadeBoilerplateUITests;
			sourceTree = "<group>";
		};
		0432ED0B274A4E0000784A40 /* Components */ = {
			isa = PBXGroup;
			children = (
				041DEBF12766235300A3FA40 /* CustomPlayerController */,
				041DEBEF276618C500A3FA40 /* CustomPlayerController.swift */,
			);
			path = Components;
			sourceTree = "<group>";
		};
		0432ED0C274A4E4C00784A40 /* Helpers */ = {
			isa = PBXGroup;
			children = (
				0433E8F2274C18E100DAD1BB /* Other */,
				0433E8E7274BD44900DAD1BB /* UI */,
			);
			path = Helpers;
			sourceTree = "<group>";
		};
		0432ED0D274A4E6100784A40 /* Coordinators */ = {
			isa = PBXGroup;
			children = (
				0432ED48274BA00800784A40 /* AppCoordinator.swift */,
				0432ED53274BC37F00784A40 /* ExampleCoordinator.swift */,
			);
			path = Coordinators;
			sourceTree = "<group>";
		};
		0432ED0E274A4E9A00784A40 /* App */ = {
			isa = PBXGroup;
			children = (
				0432ECDB274A4C1600784A40 /* AppDelegate.swift */,
				0432ECDD274A4C1600784A40 /* SceneDelegate.swift */,
			);
			path = App;
			sourceTree = "<group>";
		};
		0432ED0F274A4ED500784A40 /* ViewModels */ = {
			isa = PBXGroup;
			children = (
				0432ED55274BC39C00784A40 /* ExampleViewModel.swift */,
			);
			path = ViewModels;
			sourceTree = "<group>";
		};
		0432ED10274A4EE300784A40 /* Repositories */ = {
			isa = PBXGroup;
			children = (
				0432ED57274BC40E00784A40 /* Example+Repository.swift */,
			);
			path = Repositories;
			sourceTree = "<group>";
		};
		0432ED11274A4EF300784A40 /* Models */ = {
			isa = PBXGroup;
			children = (
				0432ED59274BCF5400784A40 /* Response+Model.swift */,
				0432ED5B274BD03400784A40 /* Example+Model.swift */,
			);
			path = Models;
			sourceTree = "<group>";
		};
		0432ED12274A4F2600784A40 /* ViewControllers */ = {
			isa = PBXGroup;
			children = (
				0432ED51274BBFEE00784A40 /* ExampleViewController.swift */,
				0433E8E5274BD41100DAD1BB /* NetworkErrorViewController.swift */,
			);
			path = ViewControllers;
			sourceTree = "<group>";
		};
		0432ED13274A4F5900784A40 /* Base */ = {
			isa = PBXGroup;
			children = (
				0432ED4E274BBEBB00784A40 /* ViewModel */,
				0432ED46274B9FBA00784A40 /* Coordinator.swift */,
				0432ED4F274BBEF400784A40 /* ViewController.swift */,
			);
			path = Base;
			sourceTree = "<group>";
		};
		0432ED19274A524D00784A40 /* Util */ = {
			isa = PBXGroup;
			children = (
				041BB38F27524E190026E740 /* Trackers */,
				0447773D274FA842000BED78 /* IAP */,
				0433E90A274E22C200DAD1BB /* Deeplink */,
				0433E907274D1BFB00DAD1BB /* FileManager */,
				0433E900274CF2CF00DAD1BB /* DownloadTaskManager */,
				0433E8FB274C20EE00DAD1BB /* Player */,
				0433E8ED274BD62A00DAD1BB /* Validations */,
				0432ED1F274A52A900784A40 /* Keychain */,
				0432ED1E274A529800784A40 /* UserDefaults */,
			);
			path = Util;
			sourceTree = "<group>";
		};
		0432ED1E274A529800784A40 /* UserDefaults */ = {
			isa = PBXGroup;
			children = (
				0432ED1A274A527400784A40 /* UserDefaults.swift */,
				0433E8E3274BD3A500DAD1BB /* UserDefaultTag.swift */,
			);
			path = UserDefaults;
			sourceTree = "<group>";
		};
		0432ED1F274A52A900784A40 /* Keychain */ = {
			isa = PBXGroup;
			children = (
				0432ED20274A52BE00784A40 /* KeychainStore.swift */,
				0432ED22274A52C700784A40 /* KeychainTag.swift */,
				0432ED24274A52CF00784A40 /* KeychainError.swift */,
			);
			path = Keychain;
			sourceTree = "<group>";
		};
		0432ED26274A537900784A40 /* Network */ = {
			isa = PBXGroup;
			children = (
				0432ED41274A56A800784A40 /* Services */,
				0432ED3E274A565400784A40 /* Provider */,
				0432ED32274A54A800784A40 /* Interceptor */,
				0432ED29274A53E600784A40 /* Request */,
				0432ED27274A53BB00784A40 /* NetworkConnection.swift */,
			);
			path = Network;
			sourceTree = "<group>";
		};
		0432ED29274A53E600784A40 /* Request */ = {
			isa = PBXGroup;
			children = (
				0432ED2A274A53F700784A40 /* Request+Builder.swift */,
				0432ED2C274A540900784A40 /* Request.swift */,
				0432ED2E274A542900784A40 /* Request+Credentials.swift */,
				0432ED30274A546800784A40 /* Request+Error.swift */,
			);
			path = Request;
			sourceTree = "<group>";
		};
		0432ED32274A54A800784A40 /* Interceptor */ = {
			isa = PBXGroup;
			children = (
				0432ED33274A54B800784A40 /* Interceptor+Base.swift */,
				0432ED35274A54E200784A40 /* Interceptor+Credential+Builder.swift */,
				0432ED38274A554700784A40 /* Interceptor+Error.swift */,
				0432ED3A274A556300784A40 /* Interceptor.swift */,
				0432ED3C274A55E900784A40 /* Interceptor+Response+Model.swift */,
			);
			path = Interceptor;
			sourceTree = "<group>";
		};
		0432ED3E274A565400784A40 /* Provider */ = {
			isa = PBXGroup;
			children = (
				0432ED3F274A566800784A40 /* Reqıest+Provider.swift */,
			);
			path = Provider;
			sourceTree = "<group>";
		};
		0432ED41274A56A800784A40 /* Services */ = {
			isa = PBXGroup;
			children = (
				0432ED42274A56BA00784A40 /* ExampleService.swift */,
			);
			path = Services;
			sourceTree = "<group>";
		};
		0432ED4E274BBEBB00784A40 /* ViewModel */ = {
			isa = PBXGroup;
			children = (
				0432ED4A274BA14600784A40 /* ViewModel.swift */,
				0432ED4C274BA17B00784A40 /* ViewModelErrorAction.swift */,
			);
			path = ViewModel;
			sourceTree = "<group>";
		};
		0433E8E7274BD44900DAD1BB /* UI */ = {
			isa = PBXGroup;
			children = (
				0433E8E8274BD45800DAD1BB /* Font+Extensions.swift */,
				0433E8F0274C187300DAD1BB /* Color+Extensions.swift */,
			);
			path = UI;
			sourceTree = "<group>";
		};
		0433E8ED274BD62A00DAD1BB /* Validations */ = {
			isa = PBXGroup;
			children = (
				0433E8EE274BD6AE00DAD1BB /* AuthenticationValidation.swift */,
			);
			path = Validations;
			sourceTree = "<group>";
		};
		0433E8F2274C18E100DAD1BB /* Other */ = {
			isa = PBXGroup;
			children = (
				0433E8F3274C18EE00DAD1BB /* String+Extensions.swift */,
				0433E8F5274C1B1200DAD1BB /* Date+Extensions.swift */,
				0433E8F7274C1D1A00DAD1BB /* Device+Extensions.swift */,
				0433E8F9274C1F7200DAD1BB /* StaticFile.swift */,
				0433E911274E2EFF00DAD1BB /* Notification+Center+Extensions.swift */,
			);
			path = Other;
			sourceTree = "<group>";
		};
		0433E8FB274C20EE00DAD1BB /* Player */ = {
			isa = PBXGroup;
			children = (
				0433E8FC274C211A00DAD1BB /* Player.swift */,
				0433E8FE274C3C9000DAD1BB /* Remote+Player.swift */,
			);
			path = Player;
			sourceTree = "<group>";
		};
		0433E900274CF2CF00DAD1BB /* DownloadTaskManager */ = {
			isa = PBXGroup;
			children = (
				0433E901274CF2E000DAD1BB /* AsyncOperation.swift */,
				0433E903274CF31700DAD1BB /* DownloadOperation.swift */,
				0433E905274CF3D600DAD1BB /* Downloader.swift */,
			);
			path = DownloadTaskManager;
			sourceTree = "<group>";
		};
		0433E907274D1BFB00DAD1BB /* FileManager */ = {
			isa = PBXGroup;
			children = (
				0433E908274D1C1300DAD1BB /* FileManager.swift */,
			);
			path = FileManager;
			sourceTree = "<group>";
		};
		0433E90A274E22C200DAD1BB /* Deeplink */ = {
			isa = PBXGroup;
			children = (
				0433E90B274E232600DAD1BB /* Deeplink.swift */,
				0433E90D274E24A900DAD1BB /* DeepLinkHandler.swift */,
				0433E90F274E289700DAD1BB /* ShortCutParser.swift */,
			);
			path = Deeplink;
			sourceTree = "<group>";
		};
		0447773D274FA842000BED78 /* IAP */ = {
			isa = PBXGroup;
			children = (
				0447773E274FA86B000BED78 /* IAPHelper.swift */,
				041BB389275244B40026E740 /* Product.swift */,
				041BB38B275244CF0026E740 /* IAPError.swift */,
				041BB38D275245160026E740 /* IAPRequest.swift */,
			);
			path = IAP;
			sourceTree = "<group>";
		};
		5D6DE434BEA7CF5F71006604 /* Frameworks */ = {
			isa = PBXGroup;
			children = (
				6024B84ED4C1662B8FFA1430 /* Pods_LemonadeBoilerplate.framework */,
				326A3B8F6BA713349FE9D0DD /* Pods_LemonadeBoilerplate_LemonadeBoilerplateUITests.framework */,
				0270AF5CB43A3B631D5D9F3B /* Pods_LemonadeBoilerplateTests.framework */,
			);
			name = Frameworks;
			sourceTree = "<group>";
		};
		EE9148F0276B4DB7007E0569 /* ViewModel */ = {
			isa = PBXGroup;
			children = (
				EE9148F1276B4DD1007E0569 /* CustomPlayerViewModel.swift */,
			);
			path = ViewModel;
			sourceTree = "<group>";
		};
		EE9148F3276B4DED007E0569 /* Coordinator */ = {
			isa = PBXGroup;
			children = (
				EE9148F4276B4DF6007E0569 /* CustomPlayerCoordinator.swift */,
			);
			path = Coordinator;
			sourceTree = "<group>";
		};
/* End PBXGroup section */

/* Begin PBXNativeTarget section */
		0432ECD7274A4C1600784A40 /* LemonadeBoilerplate */ = {
			isa = PBXNativeTarget;
			buildConfigurationList = 0432ED02274A4C1900784A40 /* Build configuration list for PBXNativeTarget "LemonadeBoilerplate" */;
			buildPhases = (
				59F97565FBFD1BD2B08A3E9F /* [CP] Check Pods Manifest.lock */,
				0447773B274F7BE1000BED78 /* SwiftLint */,
				0432ECD4274A4C1600784A40 /* Sources */,
				0432ECD5274A4C1600784A40 /* Frameworks */,
				0432ECD6274A4C1600784A40 /* Resources */,
				9F890A8C0E2724B99B32D1DF /* [CP] Embed Pods Frameworks */,
			);
			buildRules = (
			);
			dependencies = (
			);
			name = LemonadeBoilerplate;
			productName = LemonadeBoilerplate;
			productReference = 0432ECD8274A4C1600784A40 /* LemonadeBoilerplate.app */;
			productType = "com.apple.product-type.application";
		};
		0432ECED274A4C1900784A40 /* LemonadeBoilerplateTests */ = {
			isa = PBXNativeTarget;
			buildConfigurationList = 0432ED05274A4C1900784A40 /* Build configuration list for PBXNativeTarget "LemonadeBoilerplateTests" */;
			buildPhases = (
				1F337439E504068E9500A220 /* [CP] Check Pods Manifest.lock */,
				0432ECEA274A4C1900784A40 /* Sources */,
				0432ECEB274A4C1900784A40 /* Frameworks */,
				0432ECEC274A4C1900784A40 /* Resources */,
			);
			buildRules = (
			);
			dependencies = (
				0432ECF0274A4C1900784A40 /* PBXTargetDependency */,
			);
			name = LemonadeBoilerplateTests;
			productName = LemonadeBoilerplateTests;
			productReference = 0432ECEE274A4C1900784A40 /* LemonadeBoilerplateTests.xctest */;
			productType = "com.apple.product-type.bundle.unit-test";
		};
		0432ECF7274A4C1900784A40 /* LemonadeBoilerplateUITests */ = {
			isa = PBXNativeTarget;
			buildConfigurationList = 0432ED08274A4C1900784A40 /* Build configuration list for PBXNativeTarget "LemonadeBoilerplateUITests" */;
			buildPhases = (
				85F0F5A18F5AAF9640BD2220 /* [CP] Check Pods Manifest.lock */,
				0432ECF4274A4C1900784A40 /* Sources */,
				0432ECF5274A4C1900784A40 /* Frameworks */,
				0432ECF6274A4C1900784A40 /* Resources */,
				3608406670D004E2A3135B81 /* [CP] Embed Pods Frameworks */,
			);
			buildRules = (
			);
			dependencies = (
				0432ECFA274A4C1900784A40 /* PBXTargetDependency */,
			);
			name = LemonadeBoilerplateUITests;
			productName = LemonadeBoilerplateUITests;
			productReference = 0432ECF8274A4C1900784A40 /* LemonadeBoilerplateUITests.xctest */;
			productType = "com.apple.product-type.bundle.ui-testing";
		};
/* End PBXNativeTarget section */

/* Begin PBXProject section */
		0432ECD0274A4C1600784A40 /* Project object */ = {
			isa = PBXProject;
			attributes = {
				BuildIndependentTargetsInParallel = 1;
				LastSwiftUpdateCheck = 1300;
				LastUpgradeCheck = 1300;
				TargetAttributes = {
					0432ECD7274A4C1600784A40 = {
						CreatedOnToolsVersion = 13.0;
					};
					0432ECED274A4C1900784A40 = {
						CreatedOnToolsVersion = 13.0;
						TestTargetID = 0432ECD7274A4C1600784A40;
					};
					0432ECF7274A4C1900784A40 = {
						CreatedOnToolsVersion = 13.0;
						TestTargetID = 0432ECD7274A4C1600784A40;
					};
				};
			};
			buildConfigurationList = 0432ECD3274A4C1600784A40 /* Build configuration list for PBXProject "LemonadeBoilerplate" */;
			compatibilityVersion = "Xcode 13.0";
			developmentRegion = en;
			hasScannedForEncodings = 0;
			knownRegions = (
				en,
				Base,
			);
			mainGroup = 0432ECCF274A4C1600784A40;
			productRefGroup = 0432ECD9274A4C1600784A40 /* Products */;
			projectDirPath = "";
			projectRoot = "";
			targets = (
				0432ECD7274A4C1600784A40 /* LemonadeBoilerplate */,
				0432ECED274A4C1900784A40 /* LemonadeBoilerplateTests */,
				0432ECF7274A4C1900784A40 /* LemonadeBoilerplateUITests */,
			);
		};
/* End PBXProject section */

/* Begin PBXResourcesBuildPhase section */
		0432ECD6274A4C1600784A40 /* Resources */ = {
			isa = PBXResourcesBuildPhase;
			buildActionMask = 2147483647;
			files = (
				0432ECE5274A4C1900784A40 /* Assets.xcassets in Resources */,
				041DEBFE27694BD300A3FA40 /* redd.mp3 in Resources */,
				EE9148F7276B7674007E0569 /* batu.mp3 in Resources */,
			);
			runOnlyForDeploymentPostprocessing = 0;
		};
		0432ECEC274A4C1900784A40 /* Resources */ = {
			isa = PBXResourcesBuildPhase;
			buildActionMask = 2147483647;
			files = (
			);
			runOnlyForDeploymentPostprocessing = 0;
		};
		0432ECF6274A4C1900784A40 /* Resources */ = {
			isa = PBXResourcesBuildPhase;
			buildActionMask = 2147483647;
			files = (
			);
			runOnlyForDeploymentPostprocessing = 0;
		};
/* End PBXResourcesBuildPhase section */

/* Begin PBXShellScriptBuildPhase section */
		0447773B274F7BE1000BED78 /* SwiftLint */ = {
			isa = PBXShellScriptBuildPhase;
			buildActionMask = 2147483647;
			files = (
			);
			inputFileListPaths = (
			);
			inputPaths = (
			);
			name = SwiftLint;
			outputFileListPaths = (
			);
			outputPaths = (
			);
			runOnlyForDeploymentPostprocessing = 0;
			shellPath = /bin/sh;
			shellScript = "if which swiftlint >/dev/null; then\n  swiftlint\nelse\n  echo \"warning: SwiftLint not installed, download from https://github.com/realm/SwiftLint\"\nfi\n";
		};
		1F337439E504068E9500A220 /* [CP] Check Pods Manifest.lock */ = {
			isa = PBXShellScriptBuildPhase;
			buildActionMask = 2147483647;
			files = (
			);
			inputFileListPaths = (
			);
			inputPaths = (
				"${PODS_PODFILE_DIR_PATH}/Podfile.lock",
				"${PODS_ROOT}/Manifest.lock",
			);
			name = "[CP] Check Pods Manifest.lock";
			outputFileListPaths = (
			);
			outputPaths = (
				"$(DERIVED_FILE_DIR)/Pods-LemonadeBoilerplateTests-checkManifestLockResult.txt",
			);
			runOnlyForDeploymentPostprocessing = 0;
			shellPath = /bin/sh;
			shellScript = "diff \"${PODS_PODFILE_DIR_PATH}/Podfile.lock\" \"${PODS_ROOT}/Manifest.lock\" > /dev/null\nif [ $? != 0 ] ; then\n    # print error to STDERR\n    echo \"error: The sandbox is not in sync with the Podfile.lock. Run 'pod install' or update your CocoaPods installation.\" >&2\n    exit 1\nfi\n# This output is used by Xcode 'outputs' to avoid re-running this script phase.\necho \"SUCCESS\" > \"${SCRIPT_OUTPUT_FILE_0}\"\n";
			showEnvVarsInLog = 0;
		};
		3608406670D004E2A3135B81 /* [CP] Embed Pods Frameworks */ = {
			isa = PBXShellScriptBuildPhase;
			buildActionMask = 2147483647;
			files = (
			);
			inputFileListPaths = (
				"${PODS_ROOT}/Target Support Files/Pods-LemonadeBoilerplate-LemonadeBoilerplateUITests/Pods-LemonadeBoilerplate-LemonadeBoilerplateUITests-frameworks-${CONFIGURATION}-input-files.xcfilelist",
			);
			name = "[CP] Embed Pods Frameworks";
			outputFileListPaths = (
				"${PODS_ROOT}/Target Support Files/Pods-LemonadeBoilerplate-LemonadeBoilerplateUITests/Pods-LemonadeBoilerplate-LemonadeBoilerplateUITests-frameworks-${CONFIGURATION}-output-files.xcfilelist",
			);
			runOnlyForDeploymentPostprocessing = 0;
			shellPath = /bin/sh;
			shellScript = "\"${PODS_ROOT}/Target Support Files/Pods-LemonadeBoilerplate-LemonadeBoilerplateUITests/Pods-LemonadeBoilerplate-LemonadeBoilerplateUITests-frameworks.sh\"\n";
			showEnvVarsInLog = 0;
		};
		59F97565FBFD1BD2B08A3E9F /* [CP] Check Pods Manifest.lock */ = {
			isa = PBXShellScriptBuildPhase;
			buildActionMask = 2147483647;
			files = (
			);
			inputFileListPaths = (
			);
			inputPaths = (
				"${PODS_PODFILE_DIR_PATH}/Podfile.lock",
				"${PODS_ROOT}/Manifest.lock",
			);
			name = "[CP] Check Pods Manifest.lock";
			outputFileListPaths = (
			);
			outputPaths = (
				"$(DERIVED_FILE_DIR)/Pods-LemonadeBoilerplate-checkManifestLockResult.txt",
			);
			runOnlyForDeploymentPostprocessing = 0;
			shellPath = /bin/sh;
			shellScript = "diff \"${PODS_PODFILE_DIR_PATH}/Podfile.lock\" \"${PODS_ROOT}/Manifest.lock\" > /dev/null\nif [ $? != 0 ] ; then\n    # print error to STDERR\n    echo \"error: The sandbox is not in sync with the Podfile.lock. Run 'pod install' or update your CocoaPods installation.\" >&2\n    exit 1\nfi\n# This output is used by Xcode 'outputs' to avoid re-running this script phase.\necho \"SUCCESS\" > \"${SCRIPT_OUTPUT_FILE_0}\"\n";
			showEnvVarsInLog = 0;
		};
		85F0F5A18F5AAF9640BD2220 /* [CP] Check Pods Manifest.lock */ = {
			isa = PBXShellScriptBuildPhase;
			buildActionMask = 2147483647;
			files = (
			);
			inputFileListPaths = (
			);
			inputPaths = (
				"${PODS_PODFILE_DIR_PATH}/Podfile.lock",
				"${PODS_ROOT}/Manifest.lock",
			);
			name = "[CP] Check Pods Manifest.lock";
			outputFileListPaths = (
			);
			outputPaths = (
				"$(DERIVED_FILE_DIR)/Pods-LemonadeBoilerplate-LemonadeBoilerplateUITests-checkManifestLockResult.txt",
			);
			runOnlyForDeploymentPostprocessing = 0;
			shellPath = /bin/sh;
			shellScript = "diff \"${PODS_PODFILE_DIR_PATH}/Podfile.lock\" \"${PODS_ROOT}/Manifest.lock\" > /dev/null\nif [ $? != 0 ] ; then\n    # print error to STDERR\n    echo \"error: The sandbox is not in sync with the Podfile.lock. Run 'pod install' or update your CocoaPods installation.\" >&2\n    exit 1\nfi\n# This output is used by Xcode 'outputs' to avoid re-running this script phase.\necho \"SUCCESS\" > \"${SCRIPT_OUTPUT_FILE_0}\"\n";
			showEnvVarsInLog = 0;
		};
		9F890A8C0E2724B99B32D1DF /* [CP] Embed Pods Frameworks */ = {
			isa = PBXShellScriptBuildPhase;
			buildActionMask = 2147483647;
			files = (
			);
			inputFileListPaths = (
				"${PODS_ROOT}/Target Support Files/Pods-LemonadeBoilerplate/Pods-LemonadeBoilerplate-frameworks-${CONFIGURATION}-input-files.xcfilelist",
			);
			name = "[CP] Embed Pods Frameworks";
			outputFileListPaths = (
				"${PODS_ROOT}/Target Support Files/Pods-LemonadeBoilerplate/Pods-LemonadeBoilerplate-frameworks-${CONFIGURATION}-output-files.xcfilelist",
			);
			runOnlyForDeploymentPostprocessing = 0;
			shellPath = /bin/sh;
			shellScript = "\"${PODS_ROOT}/Target Support Files/Pods-LemonadeBoilerplate/Pods-LemonadeBoilerplate-frameworks.sh\"\n";
			showEnvVarsInLog = 0;
		};
/* End PBXShellScriptBuildPhase section */

/* Begin PBXSourcesBuildPhase section */
		0432ECD4274A4C1600784A40 /* Sources */ = {
			isa = PBXSourcesBuildPhase;
			buildActionMask = 2147483647;
			files = (
				0432ED31274A546800784A40 /* Request+Error.swift in Sources */,
				041BB38E275245160026E740 /* IAPRequest.swift in Sources */,
				041BB38C275244CF0026E740 /* IAPError.swift in Sources */,
				0432ED4D274BA17B00784A40 /* ViewModelErrorAction.swift in Sources */,
				0433E8E9274BD45800DAD1BB /* Font+Extensions.swift in Sources */,
				0433E902274CF2E000DAD1BB /* AsyncOperation.swift in Sources */,
				0432ECDC274A4C1600784A40 /* AppDelegate.swift in Sources */,
				0433E8EF274BD6AE00DAD1BB /* AuthenticationValidation.swift in Sources */,
				0433E910274E289700DAD1BB /* ShortCutParser.swift in Sources */,
				041BB38A275244B40026E740 /* Product.swift in Sources */,
				0432ED39274A554700784A40 /* Interceptor+Error.swift in Sources */,
				0433E909274D1C1300DAD1BB /* FileManager.swift in Sources */,
				0432ED43274A56BA00784A40 /* ExampleService.swift in Sources */,
				0432ED25274A52CF00784A40 /* KeychainError.swift in Sources */,
				0433E90E274E24A900DAD1BB /* DeepLinkHandler.swift in Sources */,
				0432ED5A274BCF5400784A40 /* Response+Model.swift in Sources */,
				0432ED58274BC40E00784A40 /* Example+Repository.swift in Sources */,
				0432ED50274BBEF400784A40 /* ViewController.swift in Sources */,
				0432ED40274A566800784A40 /* Reqıest+Provider.swift in Sources */,
				0433E8F8274C1D1A00DAD1BB /* Device+Extensions.swift in Sources */,
				0433E906274CF3D600DAD1BB /* Downloader.swift in Sources */,
				0432ED49274BA00800784A40 /* AppCoordinator.swift in Sources */,
				0433E8F1274C187300DAD1BB /* Color+Extensions.swift in Sources */,
				EE9148F2276B4DD1007E0569 /* CustomPlayerViewModel.swift in Sources */,
				EE9148F5276B4DF6007E0569 /* CustomPlayerCoordinator.swift in Sources */,
				0433E8FA274C1F7200DAD1BB /* StaticFile.swift in Sources */,
				0432ECDE274A4C1600784A40 /* SceneDelegate.swift in Sources */,
				041DEBF6276623D300A3FA40 /* CustomPlayerControllerConfig.swift in Sources */,
				041BB39327524F540026E740 /* ExampleTracker.swift in Sources */,
				0433E8F4274C18EE00DAD1BB /* String+Extensions.swift in Sources */,
				041DEBF42766236600A3FA40 /* Playable.swift in Sources */,
				0432ED1B274A527400784A40 /* UserDefaults.swift in Sources */,
				0432ED2B274A53F700784A40 /* Request+Builder.swift in Sources */,
				0432ED28274A53BB00784A40 /* NetworkConnection.swift in Sources */,
				0447773F274FA86B000BED78 /* IAPHelper.swift in Sources */,
				0432ED2F274A542900784A40 /* Request+Credentials.swift in Sources */,
				0433E904274CF31700DAD1BB /* DownloadOperation.swift in Sources */,
				0432ED34274A54B800784A40 /* Interceptor+Base.swift in Sources */,
				0433E8E4274BD3A500DAD1BB /* UserDefaultTag.swift in Sources */,
				0432ED54274BC37F00784A40 /* ExampleCoordinator.swift in Sources */,
				0432ED47274B9FBA00784A40 /* Coordinator.swift in Sources */,
				0432ED4B274BA14600784A40 /* ViewModel.swift in Sources */,
				0432ED3B274A556300784A40 /* Interceptor.swift in Sources */,
				0432ED5C274BD03400784A40 /* Example+Model.swift in Sources */,
				0433E8E6274BD41100DAD1BB /* NetworkErrorViewController.swift in Sources */,
				0432ED52274BBFEE00784A40 /* ExampleViewController.swift in Sources */,
				0433E90C274E232600DAD1BB /* Deeplink.swift in Sources */,
				0433E8FD274C211A00DAD1BB /* Player.swift in Sources */,
				0433E8F6274C1B1200DAD1BB /* Date+Extensions.swift in Sources */,
				041BB39127524E3C0026E740 /* Trackable.swift in Sources */,
				0432ED36274A54E200784A40 /* Interceptor+Credential+Builder.swift in Sources */,
				0433E8FF274C3C9000DAD1BB /* Remote+Player.swift in Sources */,
				0432ED56274BC39C00784A40 /* ExampleViewModel.swift in Sources */,
				0432ED2D274A540900784A40 /* Request.swift in Sources */,
				041DEBF92766A4A200A3FA40 /* PlayerControllerUI.swift in Sources */,
				041DEBF0276618C500A3FA40 /* CustomPlayerController.swift in Sources */,
				0432ED3D274A55E900784A40 /* Interceptor+Response+Model.swift in Sources */,
				0433E912274E2EFF00DAD1BB /* Notification+Center+Extensions.swift in Sources */,
				0432ED23274A52C700784A40 /* KeychainTag.swift in Sources */,
				0432ED21274A52BE00784A40 /* KeychainStore.swift in Sources */,
			);
			runOnlyForDeploymentPostprocessing = 0;
		};
		0432ECEA274A4C1900784A40 /* Sources */ = {
			isa = PBXSourcesBuildPhase;
			buildActionMask = 2147483647;
			files = (
				0432ECF3274A4C1900784A40 /* LemonadeBoilerplateTests.swift in Sources */,
			);
			runOnlyForDeploymentPostprocessing = 0;
		};
		0432ECF4274A4C1900784A40 /* Sources */ = {
			isa = PBXSourcesBuildPhase;
			buildActionMask = 2147483647;
			files = (
				0432ECFD274A4C1900784A40 /* LemonadeBoilerplateUITests.swift in Sources */,
				0432ECFF274A4C1900784A40 /* LemonadeBoilerplateUITestsLaunchTests.swift in Sources */,
			);
			runOnlyForDeploymentPostprocessing = 0;
		};
/* End PBXSourcesBuildPhase section */

/* Begin PBXTargetDependency section */
		0432ECF0274A4C1900784A40 /* PBXTargetDependency */ = {
			isa = PBXTargetDependency;
			target = 0432ECD7274A4C1600784A40 /* LemonadeBoilerplate */;
			targetProxy = 0432ECEF274A4C1900784A40 /* PBXContainerItemProxy */;
		};
		0432ECFA274A4C1900784A40 /* PBXTargetDependency */ = {
			isa = PBXTargetDependency;
			target = 0432ECD7274A4C1600784A40 /* LemonadeBoilerplate */;
			targetProxy = 0432ECF9274A4C1900784A40 /* PBXContainerItemProxy */;
		};
/* End PBXTargetDependency section */

/* Begin PBXVariantGroup section */
		0432ECE6274A4C1900784A40 /* LaunchScreen.storyboard */ = {
			isa = PBXVariantGroup;
			children = (
				0432ECE7274A4C1900784A40 /* Base */,
			);
			name = LaunchScreen.storyboard;
			sourceTree = "<group>";
		};
/* End PBXVariantGroup section */

/* Begin XCBuildConfiguration section */
		0432ED00274A4C1900784A40 /* Debug */ = {
			isa = XCBuildConfiguration;
			buildSettings = {
				ALWAYS_SEARCH_USER_PATHS = NO;
				CLANG_ANALYZER_NONNULL = YES;
				CLANG_ANALYZER_NUMBER_OBJECT_CONVERSION = YES_AGGRESSIVE;
				CLANG_CXX_LANGUAGE_STANDARD = "gnu++17";
				CLANG_CXX_LIBRARY = "libc++";
				CLANG_ENABLE_MODULES = YES;
				CLANG_ENABLE_OBJC_ARC = YES;
				CLANG_ENABLE_OBJC_WEAK = YES;
				CLANG_WARN_BLOCK_CAPTURE_AUTORELEASING = YES;
				CLANG_WARN_BOOL_CONVERSION = YES;
				CLANG_WARN_COMMA = YES;
				CLANG_WARN_CONSTANT_CONVERSION = YES;
				CLANG_WARN_DEPRECATED_OBJC_IMPLEMENTATIONS = YES;
				CLANG_WARN_DIRECT_OBJC_ISA_USAGE = YES_ERROR;
				CLANG_WARN_DOCUMENTATION_COMMENTS = YES;
				CLANG_WARN_EMPTY_BODY = YES;
				CLANG_WARN_ENUM_CONVERSION = YES;
				CLANG_WARN_INFINITE_RECURSION = YES;
				CLANG_WARN_INT_CONVERSION = YES;
				CLANG_WARN_NON_LITERAL_NULL_CONVERSION = YES;
				CLANG_WARN_OBJC_IMPLICIT_RETAIN_SELF = YES;
				CLANG_WARN_OBJC_LITERAL_CONVERSION = YES;
				CLANG_WARN_OBJC_ROOT_CLASS = YES_ERROR;
				CLANG_WARN_QUOTED_INCLUDE_IN_FRAMEWORK_HEADER = YES;
				CLANG_WARN_RANGE_LOOP_ANALYSIS = YES;
				CLANG_WARN_STRICT_PROTOTYPES = YES;
				CLANG_WARN_SUSPICIOUS_MOVE = YES;
				CLANG_WARN_UNGUARDED_AVAILABILITY = YES_AGGRESSIVE;
				CLANG_WARN_UNREACHABLE_CODE = YES;
				CLANG_WARN__DUPLICATE_METHOD_MATCH = YES;
				COPY_PHASE_STRIP = NO;
				DEBUG_INFORMATION_FORMAT = dwarf;
				ENABLE_STRICT_OBJC_MSGSEND = YES;
				ENABLE_TESTABILITY = YES;
				GCC_C_LANGUAGE_STANDARD = gnu11;
				GCC_DYNAMIC_NO_PIC = NO;
				GCC_NO_COMMON_BLOCKS = YES;
				GCC_OPTIMIZATION_LEVEL = 0;
				GCC_PREPROCESSOR_DEFINITIONS = (
					"DEBUG=1",
					"$(inherited)",
				);
				GCC_WARN_64_TO_32_BIT_CONVERSION = YES;
				GCC_WARN_ABOUT_RETURN_TYPE = YES_ERROR;
				GCC_WARN_UNDECLARED_SELECTOR = YES;
				GCC_WARN_UNINITIALIZED_AUTOS = YES_AGGRESSIVE;
				GCC_WARN_UNUSED_FUNCTION = YES;
				GCC_WARN_UNUSED_VARIABLE = YES;
				IPHONEOS_DEPLOYMENT_TARGET = 15.0;
				MTL_ENABLE_DEBUG_INFO = INCLUDE_SOURCE;
				MTL_FAST_MATH = YES;
				ONLY_ACTIVE_ARCH = YES;
				SDKROOT = iphoneos;
				SWIFT_ACTIVE_COMPILATION_CONDITIONS = DEBUG;
				SWIFT_OPTIMIZATION_LEVEL = "-Onone";
			};
			name = Debug;
		};
		0432ED01274A4C1900784A40 /* Release */ = {
			isa = XCBuildConfiguration;
			buildSettings = {
				ALWAYS_SEARCH_USER_PATHS = NO;
				CLANG_ANALYZER_NONNULL = YES;
				CLANG_ANALYZER_NUMBER_OBJECT_CONVERSION = YES_AGGRESSIVE;
				CLANG_CXX_LANGUAGE_STANDARD = "gnu++17";
				CLANG_CXX_LIBRARY = "libc++";
				CLANG_ENABLE_MODULES = YES;
				CLANG_ENABLE_OBJC_ARC = YES;
				CLANG_ENABLE_OBJC_WEAK = YES;
				CLANG_WARN_BLOCK_CAPTURE_AUTORELEASING = YES;
				CLANG_WARN_BOOL_CONVERSION = YES;
				CLANG_WARN_COMMA = YES;
				CLANG_WARN_CONSTANT_CONVERSION = YES;
				CLANG_WARN_DEPRECATED_OBJC_IMPLEMENTATIONS = YES;
				CLANG_WARN_DIRECT_OBJC_ISA_USAGE = YES_ERROR;
				CLANG_WARN_DOCUMENTATION_COMMENTS = YES;
				CLANG_WARN_EMPTY_BODY = YES;
				CLANG_WARN_ENUM_CONVERSION = YES;
				CLANG_WARN_INFINITE_RECURSION = YES;
				CLANG_WARN_INT_CONVERSION = YES;
				CLANG_WARN_NON_LITERAL_NULL_CONVERSION = YES;
				CLANG_WARN_OBJC_IMPLICIT_RETAIN_SELF = YES;
				CLANG_WARN_OBJC_LITERAL_CONVERSION = YES;
				CLANG_WARN_OBJC_ROOT_CLASS = YES_ERROR;
				CLANG_WARN_QUOTED_INCLUDE_IN_FRAMEWORK_HEADER = YES;
				CLANG_WARN_RANGE_LOOP_ANALYSIS = YES;
				CLANG_WARN_STRICT_PROTOTYPES = YES;
				CLANG_WARN_SUSPICIOUS_MOVE = YES;
				CLANG_WARN_UNGUARDED_AVAILABILITY = YES_AGGRESSIVE;
				CLANG_WARN_UNREACHABLE_CODE = YES;
				CLANG_WARN__DUPLICATE_METHOD_MATCH = YES;
				COPY_PHASE_STRIP = NO;
				DEBUG_INFORMATION_FORMAT = "dwarf-with-dsym";
				ENABLE_NS_ASSERTIONS = NO;
				ENABLE_STRICT_OBJC_MSGSEND = YES;
				GCC_C_LANGUAGE_STANDARD = gnu11;
				GCC_NO_COMMON_BLOCKS = YES;
				GCC_WARN_64_TO_32_BIT_CONVERSION = YES;
				GCC_WARN_ABOUT_RETURN_TYPE = YES_ERROR;
				GCC_WARN_UNDECLARED_SELECTOR = YES;
				GCC_WARN_UNINITIALIZED_AUTOS = YES_AGGRESSIVE;
				GCC_WARN_UNUSED_FUNCTION = YES;
				GCC_WARN_UNUSED_VARIABLE = YES;
				IPHONEOS_DEPLOYMENT_TARGET = 15.0;
				MTL_ENABLE_DEBUG_INFO = NO;
				MTL_FAST_MATH = YES;
				SDKROOT = iphoneos;
				SWIFT_COMPILATION_MODE = wholemodule;
				SWIFT_OPTIMIZATION_LEVEL = "-O";
				VALIDATE_PRODUCT = YES;
			};
			name = Release;
		};
		0432ED03274A4C1900784A40 /* Debug */ = {
			isa = XCBuildConfiguration;
			baseConfigurationReference = 5F5183EB791C99FE4AD74B61 /* Pods-LemonadeBoilerplate.debug.xcconfig */;
			buildSettings = {
				ASSETCATALOG_COMPILER_APPICON_NAME = AppIcon;
				ASSETCATALOG_COMPILER_GLOBAL_ACCENT_COLOR_NAME = AccentColor;
				CODE_SIGN_STYLE = Automatic;
				CURRENT_PROJECT_VERSION = 1;
				DEVELOPMENT_TEAM = T2FENB68MY;
				GENERATE_INFOPLIST_FILE = YES;
				INFOPLIST_FILE = LemonadeBoilerplate/Info.plist;
				INFOPLIST_KEY_UIApplicationSupportsIndirectInputEvents = YES;
				INFOPLIST_KEY_UILaunchStoryboardName = LaunchScreen;
				INFOPLIST_KEY_UISupportedInterfaceOrientations_iPad = "UIInterfaceOrientationPortrait UIInterfaceOrientationPortraitUpsideDown UIInterfaceOrientationLandscapeLeft UIInterfaceOrientationLandscapeRight";
				INFOPLIST_KEY_UISupportedInterfaceOrientations_iPhone = "UIInterfaceOrientationPortrait UIInterfaceOrientationLandscapeLeft UIInterfaceOrientationLandscapeRight";
				LD_RUNPATH_SEARCH_PATHS = (
					"$(inherited)",
					"@executable_path/Frameworks",
				);
				MARKETING_VERSION = 1.0;
				PRODUCT_BUNDLE_IDENTIFIER = com.ozgurelmasli.LemonadeBoilerplate;
				PRODUCT_NAME = "$(TARGET_NAME)";
				SWIFT_EMIT_LOC_STRINGS = YES;
				SWIFT_VERSION = 5.0;
				TARGETED_DEVICE_FAMILY = "1,2";
			};
			name = Debug;
		};
		0432ED04274A4C1900784A40 /* Release */ = {
			isa = XCBuildConfiguration;
			baseConfigurationReference = 899C102AC7B5496D79A9F7A3 /* Pods-LemonadeBoilerplate.release.xcconfig */;
			buildSettings = {
				ASSETCATALOG_COMPILER_APPICON_NAME = AppIcon;
				ASSETCATALOG_COMPILER_GLOBAL_ACCENT_COLOR_NAME = AccentColor;
				CODE_SIGN_STYLE = Automatic;
				CURRENT_PROJECT_VERSION = 1;
				DEVELOPMENT_TEAM = T2FENB68MY;
				GENERATE_INFOPLIST_FILE = YES;
				INFOPLIST_FILE = LemonadeBoilerplate/Info.plist;
				INFOPLIST_KEY_UIApplicationSupportsIndirectInputEvents = YES;
				INFOPLIST_KEY_UILaunchStoryboardName = LaunchScreen;
				INFOPLIST_KEY_UISupportedInterfaceOrientations_iPad = "UIInterfaceOrientationPortrait UIInterfaceOrientationPortraitUpsideDown UIInterfaceOrientationLandscapeLeft UIInterfaceOrientationLandscapeRight";
				INFOPLIST_KEY_UISupportedInterfaceOrientations_iPhone = "UIInterfaceOrientationPortrait UIInterfaceOrientationLandscapeLeft UIInterfaceOrientationLandscapeRight";
				LD_RUNPATH_SEARCH_PATHS = (
					"$(inherited)",
					"@executable_path/Frameworks",
				);
				MARKETING_VERSION = 1.0;
				PRODUCT_BUNDLE_IDENTIFIER = com.ozgurelmasli.LemonadeBoilerplate;
				PRODUCT_NAME = "$(TARGET_NAME)";
				SWIFT_EMIT_LOC_STRINGS = YES;
				SWIFT_VERSION = 5.0;
				TARGETED_DEVICE_FAMILY = "1,2";
			};
			name = Release;
		};
		0432ED06274A4C1900784A40 /* Debug */ = {
			isa = XCBuildConfiguration;
			baseConfigurationReference = FB8679FBBE76B5AEB61A3AA4 /* Pods-LemonadeBoilerplateTests.debug.xcconfig */;
			buildSettings = {
				ALWAYS_EMBED_SWIFT_STANDARD_LIBRARIES = YES;
				BUNDLE_LOADER = "$(TEST_HOST)";
				CODE_SIGN_STYLE = Automatic;
				CURRENT_PROJECT_VERSION = 1;
				DEVELOPMENT_TEAM = W92Z84454P;
				GENERATE_INFOPLIST_FILE = YES;
				IPHONEOS_DEPLOYMENT_TARGET = 15.0;
				LD_RUNPATH_SEARCH_PATHS = (
					"$(inherited)",
					"@executable_path/Frameworks",
					"@loader_path/Frameworks",
				);
				MARKETING_VERSION = 1.0;
				PRODUCT_BUNDLE_IDENTIFIER = com.ozgurelmasli.LemonadeBoilerplateTests;
				PRODUCT_NAME = "$(TARGET_NAME)";
				SWIFT_EMIT_LOC_STRINGS = NO;
				SWIFT_VERSION = 5.0;
				TARGETED_DEVICE_FAMILY = "1,2";
				TEST_HOST = "$(BUILT_PRODUCTS_DIR)/LemonadeBoilerplate.app/LemonadeBoilerplate";
			};
			name = Debug;
		};
		0432ED07274A4C1900784A40 /* Release */ = {
			isa = XCBuildConfiguration;
			baseConfigurationReference = 38252F8396ED0C3DD81A89BE /* Pods-LemonadeBoilerplateTests.release.xcconfig */;
			buildSettings = {
				ALWAYS_EMBED_SWIFT_STANDARD_LIBRARIES = YES;
				BUNDLE_LOADER = "$(TEST_HOST)";
				CODE_SIGN_STYLE = Automatic;
				CURRENT_PROJECT_VERSION = 1;
				DEVELOPMENT_TEAM = W92Z84454P;
				GENERATE_INFOPLIST_FILE = YES;
				IPHONEOS_DEPLOYMENT_TARGET = 15.0;
				LD_RUNPATH_SEARCH_PATHS = (
					"$(inherited)",
					"@executable_path/Frameworks",
					"@loader_path/Frameworks",
				);
				MARKETING_VERSION = 1.0;
				PRODUCT_BUNDLE_IDENTIFIER = com.ozgurelmasli.LemonadeBoilerplateTests;
				PRODUCT_NAME = "$(TARGET_NAME)";
				SWIFT_EMIT_LOC_STRINGS = NO;
				SWIFT_VERSION = 5.0;
				TARGETED_DEVICE_FAMILY = "1,2";
				TEST_HOST = "$(BUILT_PRODUCTS_DIR)/LemonadeBoilerplate.app/LemonadeBoilerplate";
			};
			name = Release;
		};
		0432ED09274A4C1900784A40 /* Debug */ = {
			isa = XCBuildConfiguration;
			baseConfigurationReference = 3209FB6E701CFDF7B1D5B8ED /* Pods-LemonadeBoilerplate-LemonadeBoilerplateUITests.debug.xcconfig */;
			buildSettings = {
				ALWAYS_EMBED_SWIFT_STANDARD_LIBRARIES = YES;
				CODE_SIGN_STYLE = Automatic;
				CURRENT_PROJECT_VERSION = 1;
				DEVELOPMENT_TEAM = W92Z84454P;
				GENERATE_INFOPLIST_FILE = YES;
				LD_RUNPATH_SEARCH_PATHS = (
					"$(inherited)",
					"@executable_path/Frameworks",
					"@loader_path/Frameworks",
				);
				MARKETING_VERSION = 1.0;
				PRODUCT_BUNDLE_IDENTIFIER = com.ozgurelmasli.LemonadeBoilerplateUITests;
				PRODUCT_NAME = "$(TARGET_NAME)";
				SWIFT_EMIT_LOC_STRINGS = NO;
				SWIFT_VERSION = 5.0;
				TARGETED_DEVICE_FAMILY = "1,2";
				TEST_TARGET_NAME = LemonadeBoilerplate;
			};
			name = Debug;
		};
		0432ED0A274A4C1900784A40 /* Release */ = {
			isa = XCBuildConfiguration;
			baseConfigurationReference = 415B196E9EDD3E45C208F315 /* Pods-LemonadeBoilerplate-LemonadeBoilerplateUITests.release.xcconfig */;
			buildSettings = {
				ALWAYS_EMBED_SWIFT_STANDARD_LIBRARIES = YES;
				CODE_SIGN_STYLE = Automatic;
				CURRENT_PROJECT_VERSION = 1;
				DEVELOPMENT_TEAM = W92Z84454P;
				GENERATE_INFOPLIST_FILE = YES;
				LD_RUNPATH_SEARCH_PATHS = (
					"$(inherited)",
					"@executable_path/Frameworks",
					"@loader_path/Frameworks",
				);
				MARKETING_VERSION = 1.0;
				PRODUCT_BUNDLE_IDENTIFIER = com.ozgurelmasli.LemonadeBoilerplateUITests;
				PRODUCT_NAME = "$(TARGET_NAME)";
				SWIFT_EMIT_LOC_STRINGS = NO;
				SWIFT_VERSION = 5.0;
				TARGETED_DEVICE_FAMILY = "1,2";
				TEST_TARGET_NAME = LemonadeBoilerplate;
			};
			name = Release;
		};
/* End XCBuildConfiguration section */

/* Begin XCConfigurationList section */
		0432ECD3274A4C1600784A40 /* Build configuration list for PBXProject "LemonadeBoilerplate" */ = {
			isa = XCConfigurationList;
			buildConfigurations = (
				0432ED00274A4C1900784A40 /* Debug */,
				0432ED01274A4C1900784A40 /* Release */,
			);
			defaultConfigurationIsVisible = 0;
			defaultConfigurationName = Release;
		};
		0432ED02274A4C1900784A40 /* Build configuration list for PBXNativeTarget "LemonadeBoilerplate" */ = {
			isa = XCConfigurationList;
			buildConfigurations = (
				0432ED03274A4C1900784A40 /* Debug */,
				0432ED04274A4C1900784A40 /* Release */,
			);
			defaultConfigurationIsVisible = 0;
			defaultConfigurationName = Release;
		};
		0432ED05274A4C1900784A40 /* Build configuration list for PBXNativeTarget "LemonadeBoilerplateTests" */ = {
			isa = XCConfigurationList;
			buildConfigurations = (
				0432ED06274A4C1900784A40 /* Debug */,
				0432ED07274A4C1900784A40 /* Release */,
			);
			defaultConfigurationIsVisible = 0;
			defaultConfigurationName = Release;
		};
		0432ED08274A4C1900784A40 /* Build configuration list for PBXNativeTarget "LemonadeBoilerplateUITests" */ = {
			isa = XCConfigurationList;
			buildConfigurations = (
				0432ED09274A4C1900784A40 /* Debug */,
				0432ED0A274A4C1900784A40 /* Release */,
			);
			defaultConfigurationIsVisible = 0;
			defaultConfigurationName = Release;
		};
/* End XCConfigurationList section */
	};
	rootObject = 0432ECD0274A4C1600784A40 /* Project object */;
}
